
Microsoft Visual Studio Solution File, Format Version 12.00
# Visual Studio Version 17
VisualStudioVersion = 17.5.2.0
MinimumVisualStudioVersion = 10.0.40219.1
Project("{FAE04EC0-301F-11D3-BF4B-00C04F79EFBC}") = "inplayed", "inplayed.csproj", "{0F4D3D0A-2BD0-9FA5-0CB1-556E0418D43A}"
EndProject
Project("{FAE04EC0-301F-11D3-BF4B-00C04F79EFBC}") = "inplayed.Tests", "inplayed.Tests\inplayed.Tests.csproj", "{436490DC-F8B5-4937-93DC-51B7E393AA10}"
EndProject
Project("{2150E333-8FDC-42A3-9474-1A3956D46DE8}") = "server", "server", "{DAD03CFC-D5FA-AC94-41C7-9ABAB326F09E}"
EndProject
Project("{FAE04EC0-301F-11D3-BF4B-00C04F79EFBC}") = "inplayed.Server", "server\inplayed.Server\inplayed.Server.csproj", "{54B74619-1EB9-46FB-8684-CE50A35AF7FB}"
EndProject
Global
	GlobalSection(SolutionConfigurationPlatforms) = preSolution
		Debug|Any CPU = Debug|Any CPU
		Debug|x64 = Debug|x64
		Debug|x86 = Debug|x86
		Release|Any CPU = Release|Any CPU
		Release|x64 = Release|x64
		Release|x86 = Release|x86
	EndGlobalSection
	GlobalSection(ProjectConfigurationPlatforms) = postSolution
		{0F4D3D0A-2BD0-9FA5-0CB1-556E0418D43A}.Debug|Any CPU.ActiveCfg = Debug|Any CPU
		{0F4D3D0A-2BD0-9FA5-0CB1-556E0418D43A}.Debug|Any CPU.Build.0 = Debug|Any CPU
		{0F4D3D0A-2BD0-9FA5-0CB1-556E0418D43A}.Debug|x64.ActiveCfg = Debug|Any CPU
		{0F4D3D0A-2BD0-9FA5-0CB1-556E0418D43A}.Debug|x64.Build.0 = Debug|Any CPU
		{0F4D3D0A-2BD0-9FA5-0CB1-556E0418D43A}.Debug|x86.ActiveCfg = Debug|Any CPU
		{0F4D3D0A-2BD0-9FA5-0CB1-556E0418D43A}.Debug|x86.Build.0 = Debug|Any CPU
		{0F4D3D0A-2BD0-9FA5-0CB1-556E0418D43A}.Release|Any CPU.ActiveCfg = Release|Any CPU
		{0F4D3D0A-2BD0-9FA5-0CB1-556E0418D43A}.Release|Any CPU.Build.0 = Release|Any CPU
		{0F4D3D0A-2BD0-9FA5-0CB1-556E0418D43A}.Release|x64.ActiveCfg = Release|Any CPU
		{0F4D3D0A-2BD0-9FA5-0CB1-556E0418D43A}.Release|x64.Build.0 = Release|Any CPU
		{0F4D3D0A-2BD0-9FA5-0CB1-556E0418D43A}.Release|x86.ActiveCfg = Release|Any CPU
		{0F4D3D0A-2BD0-9FA5-0CB1-556E0418D43A}.Release|x86.Build.0 = Release|Any CPU
		{436490DC-F8B5-4937-93DC-51B7E393AA10}.Debug|Any CPU.ActiveCfg = Debug|Any CPU
		{436490DC-F8B5-4937-93DC-51B7E393AA10}.Debug|Any CPU.Build.0 = Debug|Any CPU
		{436490DC-F8B5-4937-93DC-51B7E393AA10}.Debug|x64.ActiveCfg = Debug|Any CPU
		{436490DC-F8B5-4937-93DC-51B7E393AA10}.Debug|x64.Build.0 = Debug|Any CPU
		{436490DC-F8B5-4937-93DC-51B7E393AA10}.Debug|x86.ActiveCfg = Debug|Any CPU
		{436490DC-F8B5-4937-93DC-51B7E393AA10}.Debug|x86.Build.0 = Debug|Any CPU
		{436490DC-F8B5-4937-93DC-51B7E393AA10}.Release|Any CPU.ActiveCfg = Release|Any CPU
		{436490DC-F8B5-4937-93DC-51B7E393AA10}.Release|Any CPU.Build.0 = Release|Any CPU
		{436490DC-F8B5-4937-93DC-51B7E393AA10}.Release|x64.ActiveCfg = Release|Any CPU
		{436490DC-F8B5-4937-93DC-51B7E393AA10}.Release|x64.Build.0 = Release|Any CPU
		{436490DC-F8B5-4937-93DC-51B7E393AA10}.Release|x86.ActiveCfg = Release|Any CPU
		{436490DC-F8B5-4937-93DC-51B7E393AA10}.Release|x86.Build.0 = Release|Any CPU
		{54B74619-1EB9-46FB-8684-CE50A35AF7FB}.Debug|Any CPU.ActiveCfg = Debug|Any CPU
		{54B74619-1EB9-46FB-8684-CE50A35AF7FB}.Debug|Any CPU.Build.0 = Debug|Any CPU
		{54B74619-1EB9-46FB-8684-CE50A35AF7FB}.Debug|x64.ActiveCfg = Debug|Any CPU
		{54B74619-1EB9-46FB-8684-CE50A35AF7FB}.Debug|x64.Build.0 = Debug|Any CPU
		{54B74619-1EB9-46FB-8684-CE50A35AF7FB}.Debug|x86.ActiveCfg = Debug|Any CPU
		{54B74619-1EB9-46FB-8684-CE50A35AF7FB}.Debug|x86.Build.0 = Debug|Any CPU
		{54B74619-1EB9-46FB-8684-CE50A35AF7FB}.Release|Any CPU.ActiveCfg = Release|Any CPU
		{54B74619-1EB9-46FB-8684-CE50A35AF7FB}.Release|Any CPU.Build.0 = Release|Any CPU
		{54B74619-1EB9-46FB-8684-CE50A35AF7FB}.Release|x64.ActiveCfg = Release|Any CPU
		{54B74619-1EB9-46FB-8684-CE50A35AF7FB}.Release|x64.Build.0 = Release|Any CPU
		{54B74619-1EB9-46FB-8684-CE50A35AF7FB}.Release|x86.ActiveCfg = Release|Any CPU
		{54B74619-1EB9-46FB-8684-CE50A35AF7FB}.Release|x86.Build.0 = Release|Any CPU
	EndGlobalSection
	GlobalSection(SolutionProperties) = preSolution
		HideSolutionNode = FALSE
	EndGlobalSection
	GlobalSection(NestedProjects) = preSolution
		{54B74619-1EB9-46FB-8684-CE50A35AF7FB} = {DAD03CFC-D5FA-AC94-41C7-9ABAB326F09E}
	EndGlobalSection
	GlobalSection(ExtensibilityGlobals) = postSolution
		SolutionGuid = {560B1B40-9EC6-480D-8B5C-1EF5D80DB91B}
	EndGlobalSection
EndGlobal
